
Microsoft Visual Studio Solution File, Format Version 12.00
# Visual Studio Version 17
VisualStudioVersion = 17.4.33213.308
MinimumVisualStudioVersion = 10.0.40219.1
Project("{FAE04EC0-301F-11D3-BF4B-00C04F79EFBC}") = "IOTEC ACME", "IOTEC ACME\IOTEC ACME.csproj", "{D31E30A0-26F9-4106-BA1E-F22ACCFC51BC}"
EndProject
Project("{FAE04EC0-301F-11D3-BF4B-00C04F79EFBC}") = "TestingProject", "TestingProject\TestingProject.csproj", "{20355D6C-AFD1-42DA-A47E-BA19C3D42521}"
EndProject
Global
	GlobalSection(SolutionConfigurationPlatforms) = preSolution
		Debug|Any CPU = Debug|Any CPU
		Release|Any CPU = Release|Any CPU
	EndGlobalSection
	GlobalSection(ProjectConfigurationPlatforms) = postSolution
		{D31E30A0-26F9-4106-BA1E-F22ACCFC51BC}.Debug|Any CPU.ActiveCfg = Debug|Any CPU
		{D31E30A0-26F9-4106-BA1E-F22ACCFC51BC}.Debug|Any CPU.Build.0 = Debug|Any CPU
		{D31E30A0-26F9-4106-BA1E-F22ACCFC51BC}.Release|Any CPU.ActiveCfg = Release|Any CPU
		{D31E30A0-26F9-4106-BA1E-F22ACCFC51BC}.Release|Any CPU.Build.0 = Release|Any CPU
		{20355D6C-AFD1-42DA-A47E-BA19C3D42521}.Debug|Any CPU.ActiveCfg = Debug|Any CPU
		{20355D6C-AFD1-42DA-A47E-BA19C3D42521}.Debug|Any CPU.Build.0 = Debug|Any CPU
		{20355D6C-AFD1-42DA-A47E-BA19C3D42521}.Release|Any CPU.ActiveCfg = Release|Any CPU
		{20355D6C-AFD1-42DA-A47E-BA19C3D42521}.Release|Any CPU.Build.0 = Release|Any CPU
	EndGlobalSection
	GlobalSection(SolutionProperties) = preSolution
		HideSolutionNode = FALSE
	EndGlobalSection
	GlobalSection(ExtensibilityGlobals) = postSolution
		SolutionGuid = {E29061BA-8DFB-4264-B706-7064AF94AE6D}
	EndGlobalSection
EndGlobal
